
Microsoft Visual Studio Solution File, Format Version 12.00
# Visual Studio Version 16
VisualStudioVersion = 16.0.31829.152
MinimumVisualStudioVersion = 10.0.40219.1
Project("{FAE04EC0-301F-11D3-BF4B-00C04F79EFBC}") = "RevitAPITraining_lab4.1", "RevitAPITraining_lab4.1\RevitAPITraining_lab4.1.csproj", "{14DB1CA4-1408-4F88-ABD6-5480D564A2FB}"
EndProject
Global
	GlobalSection(SolutionConfigurationPlatforms) = preSolution
		Debug|Any CPU = Debug|Any CPU
		Release|Any CPU = Release|Any CPU
	EndGlobalSection
	GlobalSection(ProjectConfigurationPlatforms) = postSolution
		{14DB1CA4-1408-4F88-ABD6-5480D564A2FB}.Debug|Any CPU.ActiveCfg = Debug|Any CPU
		{14DB1CA4-1408-4F88-ABD6-5480D564A2FB}.Debug|Any CPU.Build.0 = Debug|Any CPU
		{14DB1CA4-1408-4F88-ABD6-5480D564A2FB}.Release|Any CPU.ActiveCfg = Release|Any CPU
		{14DB1CA4-1408-4F88-ABD6-5480D564A2FB}.Release|Any CPU.Build.0 = Release|Any CPU
	EndGlobalSection
	GlobalSection(SolutionProperties) = preSolution
		HideSolutionNode = FALSE
	EndGlobalSection
	GlobalSection(ExtensibilityGlobals) = postSolution
		SolutionGuid = {8053BCF2-8ADA-4FE2-BFCB-46DC79AF488F}
	EndGlobalSection
EndGlobal
